
Microsoft Visual Studio Solution File, Format Version 12.00
# Visual Studio Version 17
VisualStudioVersion = 17.8.34309.116
MinimumVisualStudioVersion = 10.0.40219.1
Project("{FAE04EC0-301F-11D3-BF4B-00C04F79EFBC}") = "prjMonopoly", "prjMonopoly\prjMonopoly.csproj", "{C455A8EA-573C-48B5-9360-DB8BA057178D}"
EndProject
Global
	GlobalSection(SolutionConfigurationPlatforms) = preSolution
		Debug|Any CPU = Debug|Any CPU
		Release|Any CPU = Release|Any CPU
	EndGlobalSection
	GlobalSection(ProjectConfigurationPlatforms) = postSolution
		{C455A8EA-573C-48B5-9360-DB8BA057178D}.Debug|Any CPU.ActiveCfg = Debug|Any CPU
		{C455A8EA-573C-48B5-9360-DB8BA057178D}.Debug|Any CPU.Build.0 = Debug|Any CPU
		{C455A8EA-573C-48B5-9360-DB8BA057178D}.Release|Any CPU.ActiveCfg = Release|Any CPU
		{C455A8EA-573C-48B5-9360-DB8BA057178D}.Release|Any CPU.Build.0 = Release|Any CPU
	EndGlobalSection
	GlobalSection(SolutionProperties) = preSolution
		HideSolutionNode = FALSE
	EndGlobalSection
	GlobalSection(ExtensibilityGlobals) = postSolution
		SolutionGuid = {5E978E5F-3F5D-444E-9E28-E4FE2D0BB085}
	EndGlobalSection
EndGlobal
